// !$*UTF8*$!
{
	archiveVersion = 1;
	classes = {
	};
	objectVersion = 56;
	objects = {

/* Begin PBXBuildFile section */
		BDDDB7F829BA88890087C361 /* dnnmobileApp.swift in Sources */ = {isa = PBXBuildFile; fileRef = BDDDB7F729BA88890087C361 /* dnnmobileApp.swift */; };
		BDDDB7FA29BA88890087C361 /* ContentView.swift in Sources */ = {isa = PBXBuildFile; fileRef = BDDDB7F929BA88890087C361 /* ContentView.swift */; };
		BDDDB7FC29BA888B0087C361 /* Assets.xcassets in Resources */ = {isa = PBXBuildFile; fileRef = BDDDB7FB29BA888B0087C361 /* Assets.xcassets */; };
		BDDDB80029BA888B0087C361 /* Preview Assets.xcassets in Resources */ = {isa = PBXBuildFile; fileRef = BDDDB7FF29BA888B0087C361 /* Preview Assets.xcassets */; };
		BDDDB80A29BA888B0087C361 /* dnnmobileTests.swift in Sources */ = {isa = PBXBuildFile; fileRef = BDDDB80929BA888B0087C361 /* dnnmobileTests.swift */; };
		BDDDB81429BA888B0087C361 /* dnnmobileUITests.swift in Sources */ = {isa = PBXBuildFile; fileRef = BDDDB81329BA888B0087C361 /* dnnmobileUITests.swift */; };
		BDDDB81629BA888B0087C361 /* dnnmobileUITestsLaunchTests.swift in Sources */ = {isa = PBXBuildFile; fileRef = BDDDB81529BA888B0087C361 /* dnnmobileUITestsLaunchTests.swift */; };
/* End PBXBuildFile section */

/* Begin PBXContainerItemProxy section */
		BDDDB80629BA888B0087C361 /* PBXContainerItemProxy */ = {
			isa = PBXContainerItemProxy;
			containerPortal = BDDDB7EC29BA88890087C361 /* Project object */;
			proxyType = 1;
			remoteGlobalIDString = BDDDB7F329BA88890087C361;
			remoteInfo = dnnmobile;
		};
		BDDDB81029BA888B0087C361 /* PBXContainerItemProxy */ = {
			isa = PBXContainerItemProxy;
			containerPortal = BDDDB7EC29BA88890087C361 /* Project object */;
			proxyType = 1;
			remoteGlobalIDString = BDDDB7F329BA88890087C361;
			remoteInfo = dnnmobile;
		};
/* End PBXContainerItemProxy section */

/* Begin PBXFileReference section */
		BDDDB7F429BA88890087C361 /* dnnmobile.app */ = {isa = PBXFileReference; explicitFileType = wrapper.application; includeInIndex = 0; path = dnnmobile.app; sourceTree = BUILT_PRODUCTS_DIR; };
		BDDDB7F729BA88890087C361 /* dnnmobileApp.swift */ = {isa = PBXFileReference; lastKnownFileType = sourcecode.swift; path = dnnmobileApp.swift; sourceTree = "<group>"; };
		BDDDB7F929BA88890087C361 /* ContentView.swift */ = {isa = PBXFileReference; lastKnownFileType = sourcecode.swift; path = ContentView.swift; sourceTree = "<group>"; };
		BDDDB7FB29BA888B0087C361 /* Assets.xcassets */ = {isa = PBXFileReference; lastKnownFileType = folder.assetcatalog; path = Assets.xcassets; sourceTree = "<group>"; };
		BDDDB7FD29BA888B0087C361 /* dnnmobile.entitlements */ = {isa = PBXFileReference; lastKnownFileType = text.plist.entitlements; path = dnnmobile.entitlements; sourceTree = "<group>"; };
		BDDDB7FF29BA888B0087C361 /* Preview Assets.xcassets */ = {isa = PBXFileReference; lastKnownFileType = folder.assetcatalog; path = "Preview Assets.xcassets"; sourceTree = "<group>"; };
		BDDDB80529BA888B0087C361 /* dnnmobileTests.xctest */ = {isa = PBXFileReference; explicitFileType = wrapper.cfbundle; includeInIndex = 0; path = dnnmobileTests.xctest; sourceTree = BUILT_PRODUCTS_DIR; };
		BDDDB80929BA888B0087C361 /* dnnmobileTests.swift */ = {isa = PBXFileReference; lastKnownFileType = sourcecode.swift; path = dnnmobileTests.swift; sourceTree = "<group>"; };
		BDDDB80F29BA888B0087C361 /* dnnmobileUITests.xctest */ = {isa = PBXFileReference; explicitFileType = wrapper.cfbundle; includeInIndex = 0; path = dnnmobileUITests.xctest; sourceTree = BUILT_PRODUCTS_DIR; };
		BDDDB81329BA888B0087C361 /* dnnmobileUITests.swift */ = {isa = PBXFileReference; lastKnownFileType = sourcecode.swift; path = dnnmobileUITests.swift; sourceTree = "<group>"; };
		BDDDB81529BA888B0087C361 /* dnnmobileUITestsLaunchTests.swift */ = {isa = PBXFileReference; lastKnownFileType = sourcecode.swift; path = dnnmobileUITestsLaunchTests.swift; sourceTree = "<group>"; };
/* End PBXFileReference section */

/* Begin PBXFrameworksBuildPhase section */
		BDDDB7F129BA88890087C361 /* Frameworks */ = {
			isa = PBXFrameworksBuildPhase;
			buildActionMask = 2147483647;
			files = (
			);
			runOnlyForDeploymentPostprocessing = 0;
		};
		BDDDB80229BA888B0087C361 /* Frameworks */ = {
			isa = PBXFrameworksBuildPhase;
			buildActionMask = 2147483647;
			files = (
			);
			runOnlyForDeploymentPostprocessing = 0;
		};
		BDDDB80C29BA888B0087C361 /* Frameworks */ = {
			isa = PBXFrameworksBuildPhase;
			buildActionMask = 2147483647;
			files = (
			);
			runOnlyForDeploymentPostprocessing = 0;
		};
/* End PBXFrameworksBuildPhase section */

/* Begin PBXGroup section */
		BDDDB7EB29BA88890087C361 = {
			isa = PBXGroup;
			children = (
				BDDDB7F629BA88890087C361 /* dnnmobile */,
				BDDDB80829BA888B0087C361 /* dnnmobileTests */,
				BDDDB81229BA888B0087C361 /* dnnmobileUITests */,
				BDDDB7F529BA88890087C361 /* Products */,
			);
			sourceTree = "<group>";
		};
		BDDDB7F529BA88890087C361 /* Products */ = {
			isa = PBXGroup;
			children = (
				BDDDB7F429BA88890087C361 /* dnnmobile.app */,
				BDDDB80529BA888B0087C361 /* dnnmobileTests.xctest */,
				BDDDB80F29BA888B0087C361 /* dnnmobileUITests.xctest */,
			);
			name = Products;
			sourceTree = "<group>";
		};
		BDDDB7F629BA88890087C361 /* dnnmobile */ = {
			isa = PBXGroup;
			children = (
				BDDDB7F729BA88890087C361 /* dnnmobileApp.swift */,
				BDDDB7F929BA88890087C361 /* ContentView.swift */,
				BDDDB7FB29BA888B0087C361 /* Assets.xcassets */,
				BDDDB7FD29BA888B0087C361 /* dnnmobile.entitlements */,
				BDDDB7FE29BA888B0087C361 /* Preview Content */,
			);
			path = dnnmobile;
			sourceTree = "<group>";
		};
		BDDDB7FE29BA888B0087C361 /* Preview Content */ = {
			isa = PBXGroup;
			children = (
				BDDDB7FF29BA888B0087C361 /* Preview Assets.xcassets */,
			);
			path = "Preview Content";
			sourceTree = "<group>";
		};
		BDDDB80829BA888B0087C361 /* dnnmobileTests */ = {
			isa = PBXGroup;
			children = (
				BDDDB80929BA888B0087C361 /* dnnmobileTests.swift */,
			);
			path = dnnmobileTests;
			sourceTree = "<group>";
		};
		BDDDB81229BA888B0087C361 /* dnnmobileUITests */ = {
			isa = PBXGroup;
			children = (
				BDDDB81329BA888B0087C361 /* dnnmobileUITests.swift */,
				BDDDB81529BA888B0087C361 /* dnnmobileUITestsLaunchTests.swift */,
			);
			path = dnnmobileUITests;
			sourceTree = "<group>";
		};
/* End PBXGroup section */

/* Begin PBXNativeTarget section */
		BDDDB7F329BA88890087C361 /* dnnmobile */ = {
			isa = PBXNativeTarget;
			buildConfigurationList = BDDDB81929BA888B0087C361 /* Build configuration list for PBXNativeTarget "dnnmobile" */;
			buildPhases = (
				BDDDB7F029BA88890087C361 /* Sources */,
				BDDDB7F129BA88890087C361 /* Frameworks */,
				BDDDB7F229BA88890087C361 /* Resources */,
			);
			buildRules = (
			);
			dependencies = (
			);
			name = dnnmobile;
			productName = dnnmobile;
			productReference = BDDDB7F429BA88890087C361 /* dnnmobile.app */;
			productType = "com.apple.product-type.application";
		};
		BDDDB80429BA888B0087C361 /* dnnmobileTests */ = {
			isa = PBXNativeTarget;
			buildConfigurationList = BDDDB81C29BA888B0087C361 /* Build configuration list for PBXNativeTarget "dnnmobileTests" */;
			buildPhases = (
				BDDDB80129BA888B0087C361 /* Sources */,
				BDDDB80229BA888B0087C361 /* Frameworks */,
				BDDDB80329BA888B0087C361 /* Resources */,
			);
			buildRules = (
			);
			dependencies = (
				BDDDB80729BA888B0087C361 /* PBXTargetDependency */,
			);
			name = dnnmobileTests;
			productName = dnnmobileTests;
			productReference = BDDDB80529BA888B0087C361 /* dnnmobileTests.xctest */;
			productType = "com.apple.product-type.bundle.unit-test";
		};
		BDDDB80E29BA888B0087C361 /* dnnmobileUITests */ = {
			isa = PBXNativeTarget;
			buildConfigurationList = BDDDB81F29BA888B0087C361 /* Build configuration list for PBXNativeTarget "dnnmobileUITests" */;
			buildPhases = (
				BDDDB80B29BA888B0087C361 /* Sources */,
				BDDDB80C29BA888B0087C361 /* Frameworks */,
				BDDDB80D29BA888B0087C361 /* Resources */,
			);
			buildRules = (
			);
			dependencies = (
				BDDDB81129BA888B0087C361 /* PBXTargetDependency */,
			);
			name = dnnmobileUITests;
			productName = dnnmobileUITests;
			productReference = BDDDB80F29BA888B0087C361 /* dnnmobileUITests.xctest */;
			productType = "com.apple.product-type.bundle.ui-testing";
		};
/* End PBXNativeTarget section */

/* Begin PBXProject section */
		BDDDB7EC29BA88890087C361 /* Project object */ = {
			isa = PBXProject;
			attributes = {
				BuildIndependentTargetsInParallel = 1;
				LastSwiftUpdateCheck = 1420;
				LastUpgradeCheck = 1420;
				TargetAttributes = {
					BDDDB7F329BA88890087C361 = {
						CreatedOnToolsVersion = 14.2;
					};
					BDDDB80429BA888B0087C361 = {
						CreatedOnToolsVersion = 14.2;
						TestTargetID = BDDDB7F329BA88890087C361;
					};
					BDDDB80E29BA888B0087C361 = {
						CreatedOnToolsVersion = 14.2;
						TestTargetID = BDDDB7F329BA88890087C361;
					};
				};
			};
			buildConfigurationList = BDDDB7EF29BA88890087C361 /* Build configuration list for PBXProject "dnnmobile" */;
			compatibilityVersion = "Xcode 14.0";
			developmentRegion = en;
			hasScannedForEncodings = 0;
			knownRegions = (
				en,
				Base,
			);
			mainGroup = BDDDB7EB29BA88890087C361;
			productRefGroup = BDDDB7F529BA88890087C361 /* Products */;
			projectDirPath = "";
			projectRoot = "";
			targets = (
				BDDDB7F329BA88890087C361 /* dnnmobile */,
				BDDDB80429BA888B0087C361 /* dnnmobileTests */,
				BDDDB80E29BA888B0087C361 /* dnnmobileUITests */,
			);
		};
/* End PBXProject section */

/* Begin PBXResourcesBuildPhase section */
		BDDDB7F229BA88890087C361 /* Resources */ = {
			isa = PBXResourcesBuildPhase;
			buildActionMask = 2147483647;
			files = (
				BDDDB80029BA888B0087C361 /* Preview Assets.xcassets in Resources */,
				BDDDB7FC29BA888B0087C361 /* Assets.xcassets in Resources */,
			);
			runOnlyForDeploymentPostprocessing = 0;
		};
		BDDDB80329BA888B0087C361 /* Resources */ = {
			isa = PBXResourcesBuildPhase;
			buildActionMask = 2147483647;
			files = (
			);
			runOnlyForDeploymentPostprocessing = 0;
		};
		BDDDB80D29BA888B0087C361 /* Resources */ = {
			isa = PBXResourcesBuildPhase;
			buildActionMask = 2147483647;
			files = (
			);
			runOnlyForDeploymentPostprocessing = 0;
		};
/* End PBXResourcesBuildPhase section */

/* Begin PBXSourcesBuildPhase section */
		BDDDB7F029BA88890087C361 /* Sources */ = {
			isa = PBXSourcesBuildPhase;
			buildActionMask = 2147483647;
			files = (
				BDDDB7FA29BA88890087C361 /* ContentView.swift in Sources */,
				BDDDB7F829BA88890087C361 /* dnnmobileApp.swift in Sources */,
			);
			runOnlyForDeploymentPostprocessing = 0;
		};
		BDDDB80129BA888B0087C361 /* Sources */ = {
			isa = PBXSourcesBuildPhase;
			buildActionMask = 2147483647;
			files = (
				BDDDB80A29BA888B0087C361 /* dnnmobileTests.swift in Sources */,
			);
			runOnlyForDeploymentPostprocessing = 0;
		};
		BDDDB80B29BA888B0087C361 /* Sources */ = {
			isa = PBXSourcesBuildPhase;
			buildActionMask = 2147483647;
			files = (
				BDDDB81429BA888B0087C361 /* dnnmobileUITests.swift in Sources */,
				BDDDB81629BA888B0087C361 /* dnnmobileUITestsLaunchTests.swift in Sources */,
			);
			runOnlyForDeploymentPostprocessing = 0;
		};
/* End PBXSourcesBuildPhase section */

/* Begin PBXTargetDependency section */
		BDDDB80729BA888B0087C361 /* PBXTargetDependency */ = {
			isa = PBXTargetDependency;
			target = BDDDB7F329BA88890087C361 /* dnnmobile */;
			targetProxy = BDDDB80629BA888B0087C361 /* PBXContainerItemProxy */;
		};
		BDDDB81129BA888B0087C361 /* PBXTargetDependency */ = {
			isa = PBXTargetDependency;
			target = BDDDB7F329BA88890087C361 /* dnnmobile */;
			targetProxy = BDDDB81029BA888B0087C361 /* PBXContainerItemProxy */;
		};
/* End PBXTargetDependency section */

/* Begin XCBuildConfiguration section */
		BDDDB81729BA888B0087C361 /* Debug */ = {
			isa = XCBuildConfiguration;
			buildSettings = {
				ALWAYS_SEARCH_USER_PATHS = NO;
				CLANG_ANALYZER_NONNULL = YES;
				CLANG_ANALYZER_NUMBER_OBJECT_CONVERSION = YES_AGGRESSIVE;
				CLANG_CXX_LANGUAGE_STANDARD = "gnu++20";
				CLANG_ENABLE_MODULES = YES;
				CLANG_ENABLE_OBJC_ARC = YES;
				CLANG_ENABLE_OBJC_WEAK = YES;
				CLANG_WARN_BLOCK_CAPTURE_AUTORELEASING = YES;
				CLANG_WARN_BOOL_CONVERSION = YES;
				CLANG_WARN_COMMA = YES;
				CLANG_WARN_CONSTANT_CONVERSION = YES;
				CLANG_WARN_DEPRECATED_OBJC_IMPLEMENTATIONS = YES;
				CLANG_WARN_DIRECT_OBJC_ISA_USAGE = YES_ERROR;
				CLANG_WARN_DOCUMENTATION_COMMENTS = YES;
				CLANG_WARN_EMPTY_BODY = YES;
				CLANG_WARN_ENUM_CONVERSION = YES;
				CLANG_WARN_INFINITE_RECURSION = YES;
				CLANG_WARN_INT_CONVERSION = YES;
				CLANG_WARN_NON_LITERAL_NULL_CONVERSION = YES;
				CLANG_WARN_OBJC_IMPLICIT_RETAIN_SELF = YES;
				CLANG_WARN_OBJC_LITERAL_CONVERSION = YES;
				CLANG_WARN_OBJC_ROOT_CLASS = YES_ERROR;
				CLANG_WARN_QUOTED_INCLUDE_IN_FRAMEWORK_HEADER = YES;
				CLANG_WARN_RANGE_LOOP_ANALYSIS = YES;
				CLANG_WARN_STRICT_PROTOTYPES = YES;
				CLANG_WARN_SUSPICIOUS_MOVE = YES;
				CLANG_WARN_UNGUARDED_AVAILABILITY = YES_AGGRESSIVE;
				CLANG_WARN_UNREACHABLE_CODE = YES;
				CLANG_WARN__DUPLICATE_METHOD_MATCH = YES;
				COPY_PHASE_STRIP = NO;
				DEBUG_INFORMATION_FORMAT = dwarf;
				ENABLE_STRICT_OBJC_MSGSEND = YES;
				ENABLE_TESTABILITY = YES;
				GCC_C_LANGUAGE_STANDARD = gnu11;
				GCC_DYNAMIC_NO_PIC = NO;
				GCC_NO_COMMON_BLOCKS = YES;
				GCC_OPTIMIZATION_LEVEL = 0;
				GCC_PREPROCESSOR_DEFINITIONS = (
					"DEBUG=1",
					"$(inherited)",
				);
				GCC_WARN_64_TO_32_BIT_CONVERSION = YES;
				GCC_WARN_ABOUT_RETURN_TYPE = YES_ERROR;
				GCC_WARN_UNDECLARED_SELECTOR = YES;
				GCC_WARN_UNINITIALIZED_AUTOS = YES_AGGRESSIVE;
				GCC_WARN_UNUSED_FUNCTION = YES;
				GCC_WARN_UNUSED_VARIABLE = YES;
				MTL_ENABLE_DEBUG_INFO = INCLUDE_SOURCE;
				MTL_FAST_MATH = YES;
				ONLY_ACTIVE_ARCH = YES;
				SWIFT_ACTIVE_COMPILATION_CONDITIONS = DEBUG;
				SWIFT_OPTIMIZATION_LEVEL = "-Onone";
			};
			name = Debug;
		};
		BDDDB81829BA888B0087C361 /* Release */ = {
			isa = XCBuildConfiguration;
			buildSettings = {
				ALWAYS_SEARCH_USER_PATHS = NO;
				CLANG_ANALYZER_NONNULL = YES;
				CLANG_ANALYZER_NUMBER_OBJECT_CONVERSION = YES_AGGRESSIVE;
				CLANG_CXX_LANGUAGE_STANDARD = "gnu++20";
				CLANG_ENABLE_MODULES = YES;
				CLANG_ENABLE_OBJC_ARC = YES;
				CLANG_ENABLE_OBJC_WEAK = YES;
				CLANG_WARN_BLOCK_CAPTURE_AUTORELEASING = YES;
				CLANG_WARN_BOOL_CONVERSION = YES;
				CLANG_WARN_COMMA = YES;
				CLANG_WARN_CONSTANT_CONVERSION = YES;
				CLANG_WARN_DEPRECATED_OBJC_IMPLEMENTATIONS = YES;
				CLANG_WARN_DIRECT_OBJC_ISA_USAGE = YES_ERROR;
				CLANG_WARN_DOCUMENTATION_COMMENTS = YES;
				CLANG_WARN_EMPTY_BODY = YES;
				CLANG_WARN_ENUM_CONVERSION = YES;
				CLANG_WARN_INFINITE_RECURSION = YES;
				CLANG_WARN_INT_CONVERSION = YES;
				CLANG_WARN_NON_LITERAL_NULL_CONVERSION = YES;
				CLANG_WARN_OBJC_IMPLICIT_RETAIN_SELF = YES;
				CLANG_WARN_OBJC_LITERAL_CONVERSION = YES;
				CLANG_WARN_OBJC_ROOT_CLASS = YES_ERROR;
				CLANG_WARN_QUOTED_INCLUDE_IN_FRAMEWORK_HEADER = YES;
				CLANG_WARN_RANGE_LOOP_ANALYSIS = YES;
				CLANG_WARN_STRICT_PROTOTYPES = YES;
				CLANG_WARN_SUSPICIOUS_MOVE = YES;
				CLANG_WARN_UNGUARDED_AVAILABILITY = YES_AGGRESSIVE;
				CLANG_WARN_UNREACHABLE_CODE = YES;
				CLANG_WARN__DUPLICATE_METHOD_MATCH = YES;
				COPY_PHASE_STRIP = NO;
				DEBUG_INFORMATION_FORMAT = "dwarf-with-dsym";
				ENABLE_NS_ASSERTIONS = NO;
				ENABLE_STRICT_OBJC_MSGSEND = YES;
				GCC_C_LANGUAGE_STANDARD = gnu11;
				GCC_NO_COMMON_BLOCKS = YES;
				GCC_WARN_64_TO_32_BIT_CONVERSION = YES;
				GCC_WARN_ABOUT_RETURN_TYPE = YES_ERROR;
				GCC_WARN_UNDECLARED_SELECTOR = YES;
				GCC_WARN_UNINITIALIZED_AUTOS = YES_AGGRESSIVE;
				GCC_WARN_UNUSED_FUNCTION = YES;
				GCC_WARN_UNUSED_VARIABLE = YES;
				MTL_ENABLE_DEBUG_INFO = NO;
				MTL_FAST_MATH = YES;
				SWIFT_COMPILATION_MODE = wholemodule;
				SWIFT_OPTIMIZATION_LEVEL = "-O";
			};
			name = Release;
		};
		BDDDB81A29BA888B0087C361 /* Debug */ = {
			isa = XCBuildConfiguration;
			buildSettings = {
				ASSETCATALOG_COMPILER_APPICON_NAME = AppIcon;
				ASSETCATALOG_COMPILER_GLOBAL_ACCENT_COLOR_NAME = AccentColor;
				CODE_SIGN_ENTITLEMENTS = dnnmobile/dnnmobile.entitlements;
				CODE_SIGN_STYLE = Automatic;
				CURRENT_PROJECT_VERSION = 1;
				DEVELOPMENT_ASSET_PATHS = "\"dnnmobile/Preview Content\"";
				DEVELOPMENT_TEAM = 9Z9A26PM34;
				ENABLE_HARDENED_RUNTIME = YES;
				ENABLE_PREVIEWS = YES;
				GENERATE_INFOPLIST_FILE = YES;
				"INFOPLIST_KEY_UIApplicationSceneManifest_Generation[sdk=iphoneos*]" = YES;
				"INFOPLIST_KEY_UIApplicationSceneManifest_Generation[sdk=iphonesimulator*]" = YES;
				"INFOPLIST_KEY_UIApplicationSupportsIndirectInputEvents[sdk=iphoneos*]" = YES;
				"INFOPLIST_KEY_UIApplicationSupportsIndirectInputEvents[sdk=iphonesimulator*]" = YES;
				"INFOPLIST_KEY_UILaunchScreen_Generation[sdk=iphoneos*]" = YES;
				"INFOPLIST_KEY_UILaunchScreen_Generation[sdk=iphonesimulator*]" = YES;
				"INFOPLIST_KEY_UIStatusBarStyle[sdk=iphoneos*]" = UIStatusBarStyleDefault;
				"INFOPLIST_KEY_UIStatusBarStyle[sdk=iphonesimulator*]" = UIStatusBarStyleDefault;
				INFOPLIST_KEY_UISupportedInterfaceOrientations_iPad = "UIInterfaceOrientationPortrait UIInterfaceOrientationPortraitUpsideDown UIInterfaceOrientationLandscapeLeft UIInterfaceOrientationLandscapeRight";
				INFOPLIST_KEY_UISupportedInterfaceOrientations_iPhone = "UIInterfaceOrientationPortrait UIInterfaceOrientationLandscapeLeft UIInterfaceOrientationLandscapeRight";
				IPHONEOS_DEPLOYMENT_TARGET = 16.2;
				LD_RUNPATH_SEARCH_PATHS = "@executable_path/Frameworks";
				"LD_RUNPATH_SEARCH_PATHS[sdk=macosx*]" = "@executable_path/../Frameworks";
				MACOSX_DEPLOYMENT_TARGET = 13.1;
				MARKETING_VERSION = 1.0;
				PRODUCT_BUNDLE_IDENTIFIER = de.hfabi.dnnmobile;
				PRODUCT_NAME = "$(TARGET_NAME)";
				SDKROOT = auto;
				SUPPORTED_PLATFORMS = "iphoneos iphonesimulator macosx";
				SWIFT_EMIT_LOC_STRINGS = YES;
				SWIFT_VERSION = 5.0;
				TARGETED_DEVICE_FAMILY = "1,2";
			};
			name = Debug;
		};
		BDDDB81B29BA888B0087C361 /* Release */ = {
			isa = XCBuildConfiguration;
			buildSettings = {
				ASSETCATALOG_COMPILER_APPICON_NAME = AppIcon;
				ASSETCATALOG_COMPILER_GLOBAL_ACCENT_COLOR_NAME = AccentColor;
				CODE_SIGN_ENTITLEMENTS = dnnmobile/dnnmobile.entitlements;
				CODE_SIGN_STYLE = Automatic;
				CURRENT_PROJECT_VERSION = 1;
				DEVELOPMENT_ASSET_PATHS = "\"dnnmobile/Preview Content\"";
				DEVELOPMENT_TEAM = 9Z9A26PM34;
				ENABLE_HARDENED_RUNTIME = YES;
				ENABLE_PREVIEWS = YES;
				GENERATE_INFOPLIST_FILE = YES;
				"INFOPLIST_KEY_UIApplicationSceneManifest_Generation[sdk=iphoneos*]" = YES;
				"INFOPLIST_KEY_UIApplicationSceneManifest_Generation[sdk=iphonesimulator*]" = YES;
				"INFOPLIST_KEY_UIApplicationSupportsIndirectInputEvents[sdk=iphoneos*]" = YES;
				"INFOPLIST_KEY_UIApplicationSupportsIndirectInputEvents[sdk=iphonesimulator*]" = YES;
				"INFOPLIST_KEY_UILaunchScreen_Generation[sdk=iphoneos*]" = YES;
				"INFOPLIST_KEY_UILaunchScreen_Generation[sdk=iphonesimulator*]" = YES;
				"INFOPLIST_KEY_UIStatusBarStyle[sdk=iphoneos*]" = UIStatusBarStyleDefault;
				"INFOPLIST_KEY_UIStatusBarStyle[sdk=iphonesimulator*]" = UIStatusBarStyleDefault;
				INFOPLIST_KEY_UISupportedInterfaceOrientations_iPad = "UIInterfaceOrientationPortrait UIInterfaceOrientationPortraitUpsideDown UIInterfaceOrientationLandscapeLeft UIInterfaceOrientationLandscapeRight";
				INFOPLIST_KEY_UISupportedInterfaceOrientations_iPhone = "UIInterfaceOrientationPortrait UIInterfaceOrientationLandscapeLeft UIInterfaceOrientationLandscapeRight";
				IPHONEOS_DEPLOYMENT_TARGET = 16.2;
				LD_RUNPATH_SEARCH_PATHS = "@executable_path/Frameworks";
				"LD_RUNPATH_SEARCH_PATHS[sdk=macosx*]" = "@executable_path/../Frameworks";
				MACOSX_DEPLOYMENT_TARGET = 13.1;
				MARKETING_VERSION = 1.0;
				PRODUCT_BUNDLE_IDENTIFIER = de.hfabi.dnnmobile;
				PRODUCT_NAME = "$(TARGET_NAME)";
				SDKROOT = auto;
				SUPPORTED_PLATFORMS = "iphoneos iphonesimulator macosx";
				SWIFT_EMIT_LOC_STRINGS = YES;
				SWIFT_VERSION = 5.0;
				TARGETED_DEVICE_FAMILY = "1,2";
			};
			name = Release;
		};
		BDDDB81D29BA888B0087C361 /* Debug */ = {
			isa = XCBuildConfiguration;
			buildSettings = {
				ALWAYS_EMBED_SWIFT_STANDARD_LIBRARIES = YES;
				BUNDLE_LOADER = "$(TEST_HOST)";
				CODE_SIGN_STYLE = Automatic;
				CURRENT_PROJECT_VERSION = 1;
				DEVELOPMENT_TEAM = 9Z9A26PM34;
				GENERATE_INFOPLIST_FILE = YES;
				IPHONEOS_DEPLOYMENT_TARGET = 16.2;
				MACOSX_DEPLOYMENT_TARGET = 13.1;
				MARKETING_VERSION = 1.0;
				PRODUCT_BUNDLE_IDENTIFIER = de.hfabi.dnnmobileTests;
				PRODUCT_NAME = "$(TARGET_NAME)";
				SDKROOT = auto;
				SUPPORTED_PLATFORMS = "iphoneos iphonesimulator macosx";
				SWIFT_EMIT_LOC_STRINGS = NO;
				SWIFT_VERSION = 5.0;
				TARGETED_DEVICE_FAMILY = "1,2";
				TEST_HOST = "$(BUILT_PRODUCTS_DIR)/dnnmobile.app/$(BUNDLE_EXECUTABLE_FOLDER_PATH)/dnnmobile";
			};
			name = Debug;
		};
		BDDDB81E29BA888B0087C361 /* Release */ = {
			isa = XCBuildConfiguration;
			buildSettings = {
				ALWAYS_EMBED_SWIFT_STANDARD_LIBRARIES = YES;
				BUNDLE_LOADER = "$(TEST_HOST)";
				CODE_SIGN_STYLE = Automatic;
				CURRENT_PROJECT_VERSION = 1;
				DEVELOPMENT_TEAM = 9Z9A26PM34;
				GENERATE_INFOPLIST_FILE = YES;
				IPHONEOS_DEPLOYMENT_TARGET = 16.2;
				MACOSX_DEPLOYMENT_TARGET = 13.1;
				MARKETING_VERSION = 1.0;
				PRODUCT_BUNDLE_IDENTIFIER = de.hfabi.dnnmobileTests;
				PRODUCT_NAME = "$(TARGET_NAME)";
				SDKROOT = auto;
				SUPPORTED_PLATFORMS = "iphoneos iphonesimulator macosx";
				SWIFT_EMIT_LOC_STRINGS = NO;
				SWIFT_VERSION = 5.0;
				TARGETED_DEVICE_FAMILY = "1,2";
				TEST_HOST = "$(BUILT_PRODUCTS_DIR)/dnnmobile.app/$(BUNDLE_EXECUTABLE_FOLDER_PATH)/dnnmobile";
			};
			name = Release;
		};
		BDDDB82029BA888B0087C361 /* Debug */ = {
			isa = XCBuildConfiguration;
			buildSettings = {
				ALWAYS_EMBED_SWIFT_STANDARD_LIBRARIES = YES;
				CODE_SIGN_STYLE = Automatic;
				CURRENT_PROJECT_VERSION = 1;
				DEVELOPMENT_TEAM = 9Z9A26PM34;
				GENERATE_INFOPLIST_FILE = YES;
				IPHONEOS_DEPLOYMENT_TARGET = 16.2;
				MACOSX_DEPLOYMENT_TARGET = 13.1;
				MARKETING_VERSION = 1.0;
				PRODUCT_BUNDLE_IDENTIFIER = de.hfabi.dnnmobileUITests;
				PRODUCT_NAME = "$(TARGET_NAME)";
				SDKROOT = auto;
				SUPPORTED_PLATFORMS = "iphoneos iphonesimulator macosx";
				SWIFT_EMIT_LOC_STRINGS = NO;
				SWIFT_VERSION = 5.0;
				TARGETED_DEVICE_FAMILY = "1,2";
				TEST_TARGET_NAME = dnnmobile;
			};
			name = Debug;
		};
		BDDDB82129BA888B0087C361 /* Release */ = {
			isa = XCBuildConfiguration;
			buildSettings = {
				ALWAYS_EMBED_SWIFT_STANDARD_LIBRARIES = YES;
				CODE_SIGN_STYLE = Automatic;
				CURRENT_PROJECT_VERSION = 1;
				DEVELOPMENT_TEAM = 9Z9A26PM34;
				GENERATE_INFOPLIST_FILE = YES;
				IPHONEOS_DEPLOYMENT_TARGET = 16.2;
				MACOSX_DEPLOYMENT_TARGET = 13.1;
				MARKETING_VERSION = 1.0;
				PRODUCT_BUNDLE_IDENTIFIER = de.hfabi.dnnmobileUITests;
				PRODUCT_NAME = "$(TARGET_NAME)";
				SDKROOT = auto;
				SUPPORTED_PLATFORMS = "iphoneos iphonesimulator macosx";
				SWIFT_EMIT_LOC_STRINGS = NO;
				SWIFT_VERSION = 5.0;
				TARGETED_DEVICE_FAMILY = "1,2";
				TEST_TARGET_NAME = dnnmobile;
			};
			name = Release;
		};
/* End XCBuildConfiguration section */

/* Begin XCConfigurationList section */
		BDDDB7EF29BA88890087C361 /* Build configuration list for PBXProject "dnnmobile" */ = {
			isa = XCConfigurationList;
			buildConfigurations = (
				BDDDB81729BA888B0087C361 /* Debug */,
				BDDDB81829BA888B0087C361 /* Release */,
			);
			defaultConfigurationIsVisible = 0;
			defaultConfigurationName = Release;
		};
		BDDDB81929BA888B0087C361 /* Build configuration list for PBXNativeTarget "dnnmobile" */ = {
			isa = XCConfigurationList;
			buildConfigurations = (
				BDDDB81A29BA888B0087C361 /* Debug */,
				BDDDB81B29BA888B0087C361 /* Release */,
			);
			defaultConfigurationIsVisible = 0;
			defaultConfigurationName = Release;
		};
		BDDDB81C29BA888B0087C361 /* Build configuration list for PBXNativeTarget "dnnmobileTests" */ = {
			isa = XCConfigurationList;
			buildConfigurations = (
				BDDDB81D29BA888B0087C361 /* Debug */,
				BDDDB81E29BA888B0087C361 /* Release */,
			);
			defaultConfigurationIsVisible = 0;
			defaultConfigurationName = Release;
		};
		BDDDB81F29BA888B0087C361 /* Build configuration list for PBXNativeTarget "dnnmobileUITests" */ = {
			isa = XCConfigurationList;
			buildConfigurations = (
				BDDDB82029BA888B0087C361 /* Debug */,
				BDDDB82129BA888B0087C361 /* Release */,
			);
			defaultConfigurationIsVisible = 0;
			defaultConfigurationName = Release;
		};
/* End XCConfigurationList section */
	};
	rootObject = BDDDB7EC29BA88890087C361 /* Project object */;
}
